// !$*UTF8*$!
{
	archiveVersion = 1;
	classes = {
	};
	objectVersion = 50;
	objects = {

/* Begin PBXBuildFile section */
		30C224BA2171788E002B1D89 /* AppDelegate.swift in Sources */ = {isa = PBXBuildFile; fileRef = 30C224B92171788E002B1D89 /* AppDelegate.swift */; };
		30C224BC2171788E002B1D89 /* ViewController.swift in Sources */ = {isa = PBXBuildFile; fileRef = 30C224BB2171788E002B1D89 /* ViewController.swift */; };
		30C224BF2171788E002B1D89 /* Main.storyboard in Resources */ = {isa = PBXBuildFile; fileRef = 30C224BD2171788E002B1D89 /* Main.storyboard */; };
		30C224C121717890002B1D89 /* Assets.xcassets in Resources */ = {isa = PBXBuildFile; fileRef = 30C224C021717890002B1D89 /* Assets.xcassets */; };
		30C224C421717890002B1D89 /* LaunchScreen.storyboard in Resources */ = {isa = PBXBuildFile; fileRef = 30C224C221717890002B1D89 /* LaunchScreen.storyboard */; };
		30C224CF21717890002B1D89 /* text1013Tests.swift in Sources */ = {isa = PBXBuildFile; fileRef = 30C224CE21717890002B1D89 /* text1013Tests.swift */; };
		30C224DA21717890002B1D89 /* text1013UITests.swift in Sources */ = {isa = PBXBuildFile; fileRef = 30C224D921717890002B1D89 /* text1013UITests.swift */; };
/* End PBXBuildFile section */

/* Begin PBXContainerItemProxy section */
		30C224CB21717890002B1D89 /* PBXContainerItemProxy */ = {
			isa = PBXContainerItemProxy;
			containerPortal = 30C224AE2171788E002B1D89 /* Project object */;
			proxyType = 1;
			remoteGlobalIDString = 30C224B52171788E002B1D89;
			remoteInfo = text1013;
		};
		30C224D621717890002B1D89 /* PBXContainerItemProxy */ = {
			isa = PBXContainerItemProxy;
			containerPortal = 30C224AE2171788E002B1D89 /* Project object */;
			proxyType = 1;
			remoteGlobalIDString = 30C224B52171788E002B1D89;
			remoteInfo = text1013;
		};
/* End PBXContainerItemProxy section */

/* Begin PBXFileReference section */
		30C224B62171788E002B1D89 /* text1013.app */ = {isa = PBXFileReference; explicitFileType = wrapper.application; includeInIndex = 0; path = text1013.app; sourceTree = BUILT_PRODUCTS_DIR; };
		30C224B92171788E002B1D89 /* AppDelegate.swift */ = {isa = PBXFileReference; lastKnownFileType = sourcecode.swift; path = AppDelegate.swift; sourceTree = "<group>"; };
		30C224BB2171788E002B1D89 /* ViewController.swift */ = {isa = PBXFileReference; lastKnownFileType = sourcecode.swift; path = ViewController.swift; sourceTree = "<group>"; };
		30C224BE2171788E002B1D89 /* Base */ = {isa = PBXFileReference; lastKnownFileType = file.storyboard; name = Base; path = Base.lproj/Main.storyboard; sourceTree = "<group>"; };
		30C224C021717890002B1D89 /* Assets.xcassets */ = {isa = PBXFileReference; lastKnownFileType = folder.assetcatalog; path = Assets.xcassets; sourceTree = "<group>"; };
		30C224C321717890002B1D89 /* Base */ = {isa = PBXFileReference; lastKnownFileType = file.storyboard; name = Base; path = Base.lproj/LaunchScreen.storyboard; sourceTree = "<group>"; };
		30C224C521717890002B1D89 /* Info.plist */ = {isa = PBXFileReference; lastKnownFileType = text.plist.xml; path = Info.plist; sourceTree = "<group>"; };
		30C224CA21717890002B1D89 /* text1013Tests.xctest */ = {isa = PBXFileReference; explicitFileType = wrapper.cfbundle; includeInIndex = 0; path = text1013Tests.xctest; sourceTree = BUILT_PRODUCTS_DIR; };
		30C224CE21717890002B1D89 /* text1013Tests.swift */ = {isa = PBXFileReference; lastKnownFileType = sourcecode.swift; path = text1013Tests.swift; sourceTree = "<group>"; };
		30C224D021717890002B1D89 /* Info.plist */ = {isa = PBXFileReference; lastKnownFileType = text.plist.xml; path = Info.plist; sourceTree = "<group>"; };
		30C224D521717890002B1D89 /* text1013UITests.xctest */ = {isa = PBXFileReference; explicitFileType = wrapper.cfbundle; includeInIndex = 0; path = text1013UITests.xctest; sourceTree = BUILT_PRODUCTS_DIR; };
		30C224D921717890002B1D89 /* text1013UITests.swift */ = {isa = PBXFileReference; lastKnownFileType = sourcecode.swift; path = text1013UITests.swift; sourceTree = "<group>"; };
		30C224DB21717890002B1D89 /* Info.plist */ = {isa = PBXFileReference; lastKnownFileType = text.plist.xml; path = Info.plist; sourceTree = "<group>"; };
/* End PBXFileReference section */

/* Begin PBXFrameworksBuildPhase section */
		30C224B32171788E002B1D89 /* Frameworks */ = {
			isa = PBXFrameworksBuildPhase;
			buildActionMask = 2147483647;
			files = (
			);
			runOnlyForDeploymentPostprocessing = 0;
		};
		30C224C721717890002B1D89 /* Frameworks */ = {
			isa = PBXFrameworksBuildPhase;
			buildActionMask = 2147483647;
			files = (
			);
			runOnlyForDeploymentPostprocessing = 0;
		};
		30C224D221717890002B1D89 /* Frameworks */ = {
			isa = PBXFrameworksBuildPhase;
			buildActionMask = 2147483647;
			files = (
			);
			runOnlyForDeploymentPostprocessing = 0;
		};
/* End PBXFrameworksBuildPhase section */

/* Begin PBXGroup section */
		30C224AD2171788E002B1D89 = {
			isa = PBXGroup;
			children = (
				30C224B82171788E002B1D89 /* text1013 */,
				30C224CD21717890002B1D89 /* text1013Tests */,
				30C224D821717890002B1D89 /* text1013UITests */,
				30C224B72171788E002B1D89 /* Products */,
			);
			sourceTree = "<group>";
		};
		30C224B72171788E002B1D89 /* Products */ = {
			isa = PBXGroup;
			children = (
				30C224B62171788E002B1D89 /* text1013.app */,
				30C224CA21717890002B1D89 /* text1013Tests.xctest */,
				30C224D521717890002B1D89 /* text1013UITests.xctest */,
			);
			name = Products;
			sourceTree = "<group>";
		};
		30C224B82171788E002B1D89 /* text1013 */ = {
			isa = PBXGroup;
			children = (
				30C224B92171788E002B1D89 /* AppDelegate.swift */,
				30C224BB2171788E002B1D89 /* ViewController.swift */,
				30C224BD2171788E002B1D89 /* Main.storyboard */,
				30C224C021717890002B1D89 /* Assets.xcassets */,
				30C224C221717890002B1D89 /* LaunchScreen.storyboard */,
				30C224C521717890002B1D89 /* Info.plist */,
			);
			path = text1013;
			sourceTree = "<group>";
		};
		30C224CD21717890002B1D89 /* text1013Tests */ = {
			isa = PBXGroup;
			children = (
				30C224CE21717890002B1D89 /* text1013Tests.swift */,
				30C224D021717890002B1D89 /* Info.plist */,
			);
			path = text1013Tests;
			sourceTree = "<group>";
		};
		30C224D821717890002B1D89 /* text1013UITests */ = {
			isa = PBXGroup;
			children = (
				30C224D921717890002B1D89 /* text1013UITests.swift */,
				30C224DB21717890002B1D89 /* Info.plist */,
			);
			path = text1013UITests;
			sourceTree = "<group>";
		};
/* End PBXGroup section */

/* Begin PBXNativeTarget section */
		30C224B52171788E002B1D89 /* text1013 */ = {
			isa = PBXNativeTarget;
			buildConfigurationList = 30C224DE21717890002B1D89 /* Build configuration list for PBXNativeTarget "text1013" */;
			buildPhases = (
				30C224B22171788E002B1D89 /* Sources */,
				30C224B32171788E002B1D89 /* Frameworks */,
				30C224B42171788E002B1D89 /* Resources */,
			);
			buildRules = (
			);
			dependencies = (
			);
			name = text1013;
			productName = text1013;
			productReference = 30C224B62171788E002B1D89 /* text1013.app */;
			productType = "com.apple.product-type.application";
		};
		30C224C921717890002B1D89 /* text1013Tests */ = {
			isa = PBXNativeTarget;
			buildConfigurationList = 30C224E121717890002B1D89 /* Build configuration list for PBXNativeTarget "text1013Tests" */;
			buildPhases = (
				30C224C621717890002B1D89 /* Sources */,
				30C224C721717890002B1D89 /* Frameworks */,
				30C224C821717890002B1D89 /* Resources */,
			);
			buildRules = (
			);
			dependencies = (
				30C224CC21717890002B1D89 /* PBXTargetDependency */,
			);
			name = text1013Tests;
			productName = text1013Tests;
			productReference = 30C224CA21717890002B1D89 /* text1013Tests.xctest */;
			productType = "com.apple.product-type.bundle.unit-test";
		};
		30C224D421717890002B1D89 /* text1013UITests */ = {
			isa = PBXNativeTarget;
			buildConfigurationList = 30C224E421717890002B1D89 /* Build configuration list for PBXNativeTarget "text1013UITests" */;
			buildPhases = (
				30C224D121717890002B1D89 /* Sources */,
				30C224D221717890002B1D89 /* Frameworks */,
				30C224D321717890002B1D89 /* Resources */,
			);
			buildRules = (
			);
			dependencies = (
				30C224D721717890002B1D89 /* PBXTargetDependency */,
			);
			name = text1013UITests;
			productName = text1013UITests;
			productReference = 30C224D521717890002B1D89 /* text1013UITests.xctest */;
			productType = "com.apple.product-type.bundle.ui-testing";
		};
/* End PBXNativeTarget section */

/* Begin PBXProject section */
		30C224AE2171788E002B1D89 /* Project object */ = {
			isa = PBXProject;
			attributes = {
				LastSwiftUpdateCheck = 1000;
				LastUpgradeCheck = 1000;
				ORGANIZATIONNAME = s20171106521;
				TargetAttributes = {
					30C224B52171788E002B1D89 = {
						CreatedOnToolsVersion = 10.0;
					};
					30C224C921717890002B1D89 = {
						CreatedOnToolsVersion = 10.0;
						TestTargetID = 30C224B52171788E002B1D89;
					};
					30C224D421717890002B1D89 = {
						CreatedOnToolsVersion = 10.0;
						TestTargetID = 30C224B52171788E002B1D89;
					};
				};
			};
			buildConfigurationList = 30C224B12171788E002B1D89 /* Build configuration list for PBXProject "text1013" */;
			compatibilityVersion = "Xcode 9.3";
			developmentRegion = en;
			hasScannedForEncodings = 0;
			knownRegions = (
				en,
				Base,
			);
			mainGroup = 30C224AD2171788E002B1D89;
			productRefGroup = 30C224B72171788E002B1D89 /* Products */;
			projectDirPath = "";
			projectRoot = "";
			targets = (
				30C224B52171788E002B1D89 /* text1013 */,
				30C224C921717890002B1D89 /* text1013Tests */,
				30C224D421717890002B1D89 /* text1013UITests */,
			);
		};
/* End PBXProject section */

/* Begin PBXResourcesBuildPhase section */
		30C224B42171788E002B1D89 /* Resources */ = {
			isa = PBXResourcesBuildPhase;
			buildActionMask = 2147483647;
			files = (
				30C224C421717890002B1D89 /* LaunchScreen.storyboard in Resources */,
				30C224C121717890002B1D89 /* Assets.xcassets in Resources */,
				30C224BF2171788E002B1D89 /* Main.storyboard in Resources */,
			);
			runOnlyForDeploymentPostprocessing = 0;
		};
		30C224C821717890002B1D89 /* Resources */ = {
			isa = PBXResourcesBuildPhase;
			buildActionMask = 2147483647;
			files = (
			);
			runOnlyForDeploymentPostprocessing = 0;
		};
		30C224D321717890002B1D89 /* Resources */ = {
			isa = PBXResourcesBuildPhase;
			buildActionMask = 2147483647;
			files = (
			);
			runOnlyForDeploymentPostprocessing = 0;
		};
/* End PBXResourcesBuildPhase section */

/* Begin PBXSourcesBuildPhase section */
		30C224B22171788E002B1D89 /* Sources */ = {
			isa = PBXSourcesBuildPhase;
			buildActionMask = 2147483647;
			files = (
				30C224BC2171788E002B1D89 /* ViewController.swift in Sources */,
				30C224BA2171788E002B1D89 /* AppDelegate.swift in Sources */,
			);
			runOnlyForDeploymentPostprocessing = 0;
		};
		30C224C621717890002B1D89 /* Sources */ = {
			isa = PBXSourcesBuildPhase;
			buildActionMask = 2147483647;
			files = (
				30C224CF21717890002B1D89 /* text1013Tests.swift in Sources */,
			);
			runOnlyForDeploymentPostprocessing = 0;
		};
		30C224D121717890002B1D89 /* Sources */ = {
			isa = PBXSourcesBuildPhase;
			buildActionMask = 2147483647;
			files = (
				30C224DA21717890002B1D89 /* text1013UITests.swift in Sources */,
			);
			runOnlyForDeploymentPostprocessing = 0;
		};
/* End PBXSourcesBuildPhase section */

/* Begin PBXTargetDependency section */
		30C224CC21717890002B1D89 /* PBXTargetDependency */ = {
			isa = PBXTargetDependency;
			target = 30C224B52171788E002B1D89 /* text1013 */;
			targetProxy = 30C224CB21717890002B1D89 /* PBXContainerItemProxy */;
		};
		30C224D721717890002B1D89 /* PBXTargetDependency */ = {
			isa = PBXTargetDependency;
			target = 30C224B52171788E002B1D89 /* text1013 */;
			targetProxy = 30C224D621717890002B1D89 /* PBXContainerItemProxy */;
		};
/* End PBXTargetDependency section */

/* Begin PBXVariantGroup section */
		30C224BD2171788E002B1D89 /* Main.storyboard */ = {
			isa = PBXVariantGroup;
			children = (
				30C224BE2171788E002B1D89 /* Base */,
			);
			name = Main.storyboard;
			sourceTree = "<group>";
		};
		30C224C221717890002B1D89 /* LaunchScreen.storyboard */ = {
			isa = PBXVariantGroup;
			children = (
				30C224C321717890002B1D89 /* Base */,
			);
			name = LaunchScreen.storyboard;
			sourceTree = "<group>";
		};
/* End PBXVariantGroup section */

/* Begin XCBuildConfiguration section */
		30C224DC21717890002B1D89 /* Debug */ = {
			isa = XCBuildConfiguration;
			buildSettings = {
				ALWAYS_SEARCH_USER_PATHS = NO;
				CLANG_ANALYZER_NONNULL = YES;
				CLANG_ANALYZER_NUMBER_OBJECT_CONVERSION = YES_AGGRESSIVE;
				CLANG_CXX_LANGUAGE_STANDARD = "gnu++14";
				CLANG_CXX_LIBRARY = "libc++";
				CLANG_ENABLE_MODULES = YES;
				CLANG_ENABLE_OBJC_ARC = YES;
				CLANG_ENABLE_OBJC_WEAK = YES;
				CLANG_WARN_BLOCK_CAPTURE_AUTORELEASING = YES;
				CLANG_WARN_BOOL_CONVERSION = YES;
				CLANG_WARN_COMMA = YES;
				CLANG_WARN_CONSTANT_CONVERSION = YES;
				CLANG_WARN_DEPRECATED_OBJC_IMPLEMENTATIONS = YES;
				CLANG_WARN_DIRECT_OBJC_ISA_USAGE = YES_ERROR;
				CLANG_WARN_DOCUMENTATION_COMMENTS = YES;
				CLANG_WARN_EMPTY_BODY = YES;
				CLANG_WARN_ENUM_CONVERSION = YES;
				CLANG_WARN_INFINITE_RECURSION = YES;
				CLANG_WARN_INT_CONVERSION = YES;
				CLANG_WARN_NON_LITERAL_NULL_CONVERSION = YES;
				CLANG_WARN_OBJC_IMPLICIT_RETAIN_SELF = YES;
				CLANG_WARN_OBJC_LITERAL_CONVERSION = YES;
				CLANG_WARN_OBJC_ROOT_CLASS = YES_ERROR;
				CLANG_WARN_RANGE_LOOP_ANALYSIS = YES;
				CLANG_WARN_STRICT_PROTOTYPES = YES;
				CLANG_WARN_SUSPICIOUS_MOVE = YES;
				CLANG_WARN_UNGUARDED_AVAILABILITY = YES_AGGRESSIVE;
				CLANG_WARN_UNREACHABLE_CODE = YES;
				CLANG_WARN__DUPLICATE_METHOD_MATCH = YES;
				CODE_SIGN_IDENTITY = "iPhone Developer";
				COPY_PHASE_STRIP = NO;
				DEBUG_INFORMATION_FORMAT = dwarf;
				ENABLE_STRICT_OBJC_MSGSEND = YES;
				ENABLE_TESTABILITY = YES;
				GCC_C_LANGUAGE_STANDARD = gnu11;
				GCC_DYNAMIC_NO_PIC = NO;
				GCC_NO_COMMON_BLOCKS = YES;
				GCC_OPTIMIZATION_LEVEL = 0;
				GCC_PREPROCESSOR_DEFINITIONS = (
					"DEBUG=1",
					"$(inherited)",
				);
				GCC_WARN_64_TO_32_BIT_CONVERSION = YES;
				GCC_WARN_ABOUT_RETURN_TYPE = YES_ERROR;
				GCC_WARN_UNDECLARED_SELECTOR = YES;
				GCC_WARN_UNINITIALIZED_AUTOS = YES_AGGRESSIVE;
				GCC_WARN_UNUSED_FUNCTION = YES;
				GCC_WARN_UNUSED_VARIABLE = YES;
				IPHONEOS_DEPLOYMENT_TARGET = 12.0;
				MTL_ENABLE_DEBUG_INFO = INCLUDE_SOURCE;
				MTL_FAST_MATH = YES;
				ONLY_ACTIVE_ARCH = YES;
				SDKROOT = iphoneos;
				SWIFT_ACTIVE_COMPILATION_CONDITIONS = DEBUG;
				SWIFT_OPTIMIZATION_LEVEL = "-Onone";
			};
			name = Debug;
		};
		30C224DD21717890002B1D89 /* Release */ = {
			isa = XCBuildConfiguration;
			buildSettings = {
				ALWAYS_SEARCH_USER_PATHS = NO;
				CLANG_ANALYZER_NONNULL = YES;
				CLANG_ANALYZER_NUMBER_OBJECT_CONVERSION = YES_AGGRESSIVE;
				CLANG_CXX_LANGUAGE_STANDARD = "gnu++14";
				CLANG_CXX_LIBRARY = "libc++";
				CLANG_ENABLE_MODULES = YES;
				CLANG_ENABLE_OBJC_ARC = YES;
				CLANG_ENABLE_OBJC_WEAK = YES;
				CLANG_WARN_BLOCK_CAPTURE_AUTORELEASING = YES;
				CLANG_WARN_BOOL_CONVERSION = YES;
				CLANG_WARN_COMMA = YES;
				CLANG_WARN_CONSTANT_CONVERSION = YES;
				CLANG_WARN_DEPRECATED_OBJC_IMPLEMENTATIONS = YES;
				CLANG_WARN_DIRECT_OBJC_ISA_USAGE = YES_ERROR;
				CLANG_WARN_DOCUMENTATION_COMMENTS = YES;
				CLANG_WARN_EMPTY_BODY = YES;
				CLANG_WARN_ENUM_CONVERSION = YES;
				CLANG_WARN_INFINITE_RECURSION = YES;
				CLANG_WARN_INT_CONVERSION = YES;
				CLANG_WARN_NON_LITERAL_NULL_CONVERSION = YES;
				CLANG_WARN_OBJC_IMPLICIT_RETAIN_SELF = YES;
				CLANG_WARN_OBJC_LITERAL_CONVERSION = YES;
				CLANG_WARN_OBJC_ROOT_CLASS = YES_ERROR;
				CLANG_WARN_RANGE_LOOP_ANALYSIS = YES;
				CLANG_WARN_STRICT_PROTOTYPES = YES;
				CLANG_WARN_SUSPICIOUS_MOVE = YES;
				CLANG_WARN_UNGUARDED_AVAILABILITY = YES_AGGRESSIVE;
				CLANG_WARN_UNREACHABLE_CODE = YES;
				CLANG_WARN__DUPLICATE_METHOD_MATCH = YES;
				CODE_SIGN_IDENTITY = "iPhone Developer";
				COPY_PHASE_STRIP = NO;
				DEBUG_INFORMATION_FORMAT = "dwarf-with-dsym";
				ENABLE_NS_ASSERTIONS = NO;
				ENABLE_STRICT_OBJC_MSGSEND = YES;
				GCC_C_LANGUAGE_STANDARD = gnu11;
				GCC_NO_COMMON_BLOCKS = YES;
				GCC_WARN_64_TO_32_BIT_CONVERSION = YES;
				GCC_WARN_ABOUT_RETURN_TYPE = YES_ERROR;
				GCC_WARN_UNDECLARED_SELECTOR = YES;
				GCC_WARN_UNINITIALIZED_AUTOS = YES_AGGRESSIVE;
				GCC_WARN_UNUSED_FUNCTION = YES;
				GCC_WARN_UNUSED_VARIABLE = YES;
				IPHONEOS_DEPLOYMENT_TARGET = 12.0;
				MTL_ENABLE_DEBUG_INFO = NO;
				MTL_FAST_MATH = YES;
				SDKROOT = iphoneos;
				SWIFT_COMPILATION_MODE = wholemodule;
				SWIFT_OPTIMIZATION_LEVEL = "-O";
				VALIDATE_PRODUCT = YES;
			};
			name = Release;
		};
		30C224DF21717890002B1D89 /* Debug */ = {
			isa = XCBuildConfiguration;
			buildSettings = {
				ASSETCATALOG_COMPILER_APPICON_NAME = AppIcon;
				CODE_SIGN_STYLE = Automatic;
				INFOPLIST_FILE = text1013/Info.plist;
				LD_RUNPATH_SEARCH_PATHS = (
					"$(inherited)",
					"@executable_path/Frameworks",
				);
				PRODUCT_BUNDLE_IDENTIFIER = zxf.text1013;
				PRODUCT_NAME = "$(TARGET_NAME)";
				SWIFT_VERSION = 4.2;
				TARGETED_DEVICE_FAMILY = "1,2";
			};
			name = Debug;
		};
		30C224E021717890002B1D89 /* Release */ = {
			isa = XCBuildConfiguration;
			buildSettings = {
				ASSETCATALOG_COMPILER_APPICON_NAME = AppIcon;
				CODE_SIGN_STYLE = Automatic;
				INFOPLIST_FILE = text1013/Info.plist;
				LD_RUNPATH_SEARCH_PATHS = (
					"$(inherited)",
					"@executable_path/Frameworks",
				);
				PRODUCT_BUNDLE_IDENTIFIER = zxf.text1013;
				PRODUCT_NAME = "$(TARGET_NAME)";
				SWIFT_VERSION = 4.2;
				TARGETED_DEVICE_FAMILY = "1,2";
			};
			name = Release;
		};
		30C224E221717890002B1D89 /* Debug */ = {
			isa = XCBuildConfiguration;
			buildSettings = {
				ALWAYS_EMBED_SWIFT_STANDARD_LIBRARIES = YES;
				BUNDLE_LOADER = "$(TEST_HOST)";
				CODE_SIGN_STYLE = Automatic;
				INFOPLIST_FILE = text1013Tests/Info.plist;
				LD_RUNPATH_SEARCH_PATHS = (
					"$(inherited)",
					"@executable_path/Frameworks",
					"@loader_path/Frameworks",
				);
				PRODUCT_BUNDLE_IDENTIFIER = zxf.text1013Tests;
				PRODUCT_NAME = "$(TARGET_NAME)";
				SWIFT_VERSION = 4.2;
				TARGETED_DEVICE_FAMILY = "1,2";
				TEST_HOST = "$(BUILT_PRODUCTS_DIR)/text1013.app/text1013";
			};
			name = Debug;
		};
		30C224E321717890002B1D89 /* Release */ = {
			isa = XCBuildConfiguration;
			buildSettings = {
				ALWAYS_EMBED_SWIFT_STANDARD_LIBRARIES = YES;
				BUNDLE_LOADER = "$(TEST_HOST)";
				CODE_SIGN_STYLE = Automatic;
				INFOPLIST_FILE = text1013Tests/Info.plist;
				LD_RUNPATH_SEARCH_PATHS = (
					"$(inherited)",
					"@executable_path/Frameworks",
					"@loader_path/Frameworks",
				);
				PRODUCT_BUNDLE_IDENTIFIER = zxf.text1013Tests;
				PRODUCT_NAME = "$(TARGET_NAME)";
				SWIFT_VERSION = 4.2;
				TARGETED_DEVICE_FAMILY = "1,2";
				TEST_HOST = "$(BUILT_PRODUCTS_DIR)/text1013.app/text1013";
			};
			name = Release;
		};
		30C224E521717890002B1D89 /* Debug */ = {
			isa = XCBuildConfiguration;
			buildSettings = {
				ALWAYS_EMBED_SWIFT_STANDARD_LIBRARIES = YES;
				CODE_SIGN_STYLE = Automatic;
				INFOPLIST_FILE = text1013UITests/Info.plist;
				LD_RUNPATH_SEARCH_PATHS = (
					"$(inherited)",
					"@executable_path/Frameworks",
					"@loader_path/Frameworks",
				);
				PRODUCT_BUNDLE_IDENTIFIER = zxf.text1013UITests;
				PRODUCT_NAME = "$(TARGET_NAME)";
				SWIFT_VERSION = 4.2;
				TARGETED_DEVICE_FAMILY = "1,2";
				TEST_TARGET_NAME = text1013;
			};
			name = Debug;
		};
		30C224E621717890002B1D89 /* Release */ = {
			isa = XCBuildConfiguration;
			buildSettings = {
				ALWAYS_EMBED_SWIFT_STANDARD_LIBRARIES = YES;
				CODE_SIGN_STYLE = Automatic;
				INFOPLIST_FILE = text1013UITests/Info.plist;
				LD_RUNPATH_SEARCH_PATHS = (
					"$(inherited)",
					"@executable_path/Frameworks",
					"@loader_path/Frameworks",
				);
				PRODUCT_BUNDLE_IDENTIFIER = zxf.text1013UITests;
				PRODUCT_NAME = "$(TARGET_NAME)";
				SWIFT_VERSION = 4.2;
				TARGETED_DEVICE_FAMILY = "1,2";
				TEST_TARGET_NAME = text1013;
			};
			name = Release;
		};
/* End XCBuildConfiguration section */

/* Begin XCConfigurationList section */
		30C224B12171788E002B1D89 /* Build configuration list for PBXProject "text1013" */ = {
			isa = XCConfigurationList;
			buildConfigurations = (
				30C224DC21717890002B1D89 /* Debug */,
				30C224DD21717890002B1D89 /* Release */,
			);
			defaultConfigurationIsVisible = 0;
			defaultConfigurationName = Release;
		};
		30C224DE21717890002B1D89 /* Build configuration list for PBXNativeTarget "text1013" */ = {
			isa = XCConfigurationList;
			buildConfigurations = (
				30C224DF21717890002B1D89 /* Debug */,
				30C224E021717890002B1D89 /* Release */,
			);
			defaultConfigurationIsVisible = 0;
			defaultConfigurationName = Release;
		};
		30C224E121717890002B1D89 /* Build configuration list for PBXNativeTarget "text1013Tests" */ = {
			isa = XCConfigurationList;
			buildConfigurations = (
				30C224E221717890002B1D89 /* Debug */,
				30C224E321717890002B1D89 /* Release */,
			);
			defaultConfigurationIsVisible = 0;
			defaultConfigurationName = Release;
		};
		30C224E421717890002B1D89 /* Build configuration list for PBXNativeTarget "text1013UITests" */ = {
			isa = XCConfigurationList;
			buildConfigurations = (
				30C224E521717890002B1D89 /* Debug */,
				30C224E621717890002B1D89 /* Release */,
			);
			defaultConfigurationIsVisible = 0;
			defaultConfigurationName = Release;
		};
/* End XCConfigurationList section */
	};
	rootObject = 30C224AE2171788E002B1D89 /* Project object */;
}
